{"1.2.0",
[{<<"certifi">>,{pkg,<<"certifi">>,<<"2.13.0">>},0},
 {<<"cowlib">>,{pkg,<<"cowlib">>,<<"2.13.0">>},1},
 {<<"gun">>,{pkg,<<"gun">>,<<"2.1.0">>},0},
 {<<"jsone">>,{pkg,<<"jsone">>,<<"1.9.0">>},0}]}.
[
{pkg_hash,[
 {<<"certifi">>, <<"E52BE248590050B2DD33B0BB274B56678F9068E67805DCA8AA8B1CCDB016BBF6">>},
 {<<"cowlib">>, <<"DB8F7505D8332D98EF50A3EF34B34C1AFDDEC7506E4EE4DD4A3A266285D282CA">>},
 {<<"gun">>, <<"B4E4CBBF3026D21981C447E9E7CA856766046EFF693720BA43114D7F5DE36E87">>},
 {<<"jsone">>, <<"2242DC76859DB74E27AE6B6209BBF4F03651B8EDDB53FA8002A931D35953E9B6">>}]},
{pkg_hash_ext,[
 {<<"certifi">>, <<"8F3D9533A0F06070AFDFD5D596B32E21C6580667A492891851B0E2737BC507A1">>},
 {<<"cowlib">>, <<"E1E1284DC3FC030A64B1AD0D8382AE7E99DA46C3246B815318A4B848873800A4">>},
 {<<"gun">>, <<"52FC7FC246BFC3B00E01AEA1C2854C70A366348574AB50C57DFE796D24A0101D">>},
 {<<"jsone">>, <<"6863DCF95A7FC26094EAAFF0D72522D58FE22719B4758AFB75A21735BC92646D">>}]}
].
